
Microsoft Visual Studio Solution File, Format Version 12.00
# Visual Studio Version 17
VisualStudioVersion = 17.1.32421.90
MinimumVisualStudioVersion = 10.0.40219.1
Project("{8BC9CEB8-8B4A-11D0-8D11-00A0C91BC942}") = "tutorial-0", "tutorial-0\tutorial-0.vcxproj", "{C14B38FA-0BCE-4D8E-BAF5-3A69A30B07C9}"
EndProject
Project("{8BC9CEB8-8B4A-11D0-8D11-00A0C91BC942}") = "tutorial-1", "tutorial-1\tutorial-1.vcxproj", "{B4EBF232-FC77-480B-B4FC-B9F15BF713C9}"
EndProject
Project("{8BC9CEB8-8B4A-11D0-8D11-00A0C91BC942}") = "tutorial-2", "tutorial-2\tutorial-2.vcxproj", "{9C881213-82BF-4EF9-9B9F-05F8D611BA01}"
EndProject
Project("{8BC9CEB8-8B4A-11D0-8D11-00A0C91BC942}") = "tutorial-3", "tutorial-3\tutorial-3.vcxproj", "{9CAECC02-3823-410E-AD6E-50C16C5D0090}"
EndProject
Project("{8BC9CEB8-8B4A-11D0-8D11-00A0C91BC942}") = "tutorial-4", "tutorial-4\tutorial-4.vcxproj", "{8366B3FA-80AE-4FB0-BEC0-81ED7B4F6B72}"
EndProject
Project("{8BC9CEB8-8B4A-11D0-8D11-00A0C91BC942}") = "tutorial-5", "tutorial-5\tutorial-5.vcxproj", "{CFD7A2EF-58A0-402F-8720-E8410A242D6E}"
EndProject
Project("{8BC9CEB8-8B4A-11D0-8D11-00A0C91BC942}") = "tutorial-6", "tutorial-6\tutorial-6.vcxproj", "{13A43C12-77DD-414D-877E-F465FFE7B7D5}"
EndProject
Project("{8BC9CEB8-8B4A-11D0-8D11-00A0C91BC942}") = "assignment-1", "assignment-1\assignment-1.vcxproj", "{E4D87853-6B15-4F2C-A85B-C2AC9B1EC5B0}"
EndProject
Global
	GlobalSection(SolutionConfigurationPlatforms) = preSolution
		Debug|x64 = Debug|x64
		Debug|x86 = Debug|x86
		Release|x64 = Release|x64
		Release|x86 = Release|x86
	EndGlobalSection
	GlobalSection(ProjectConfigurationPlatforms) = postSolution
		{C14B38FA-0BCE-4D8E-BAF5-3A69A30B07C9}.Debug|x64.ActiveCfg = Debug|x64
		{C14B38FA-0BCE-4D8E-BAF5-3A69A30B07C9}.Debug|x64.Build.0 = Debug|x64
		{C14B38FA-0BCE-4D8E-BAF5-3A69A30B07C9}.Debug|x86.ActiveCfg = Debug|Win32
		{C14B38FA-0BCE-4D8E-BAF5-3A69A30B07C9}.Debug|x86.Build.0 = Debug|Win32
		{C14B38FA-0BCE-4D8E-BAF5-3A69A30B07C9}.Release|x64.ActiveCfg = Release|x64
		{C14B38FA-0BCE-4D8E-BAF5-3A69A30B07C9}.Release|x64.Build.0 = Release|x64
		{C14B38FA-0BCE-4D8E-BAF5-3A69A30B07C9}.Release|x86.ActiveCfg = Release|Win32
		{C14B38FA-0BCE-4D8E-BAF5-3A69A30B07C9}.Release|x86.Build.0 = Release|Win32
		{B4EBF232-FC77-480B-B4FC-B9F15BF713C9}.Debug|x64.ActiveCfg = Debug|x64
		{B4EBF232-FC77-480B-B4FC-B9F15BF713C9}.Debug|x64.Build.0 = Debug|x64
		{B4EBF232-FC77-480B-B4FC-B9F15BF713C9}.Debug|x86.ActiveCfg = Debug|Win32
		{B4EBF232-FC77-480B-B4FC-B9F15BF713C9}.Debug|x86.Build.0 = Debug|Win32
		{B4EBF232-FC77-480B-B4FC-B9F15BF713C9}.Release|x64.ActiveCfg = Release|x64
		{B4EBF232-FC77-480B-B4FC-B9F15BF713C9}.Release|x64.Build.0 = Release|x64
		{B4EBF232-FC77-480B-B4FC-B9F15BF713C9}.Release|x86.ActiveCfg = Release|Win32
		{B4EBF232-FC77-480B-B4FC-B9F15BF713C9}.Release|x86.Build.0 = Release|Win32
		{9C881213-82BF-4EF9-9B9F-05F8D611BA01}.Debug|x64.ActiveCfg = Debug|x64
		{9C881213-82BF-4EF9-9B9F-05F8D611BA01}.Debug|x64.Build.0 = Debug|x64
		{9C881213-82BF-4EF9-9B9F-05F8D611BA01}.Debug|x86.ActiveCfg = Debug|Win32
		{9C881213-82BF-4EF9-9B9F-05F8D611BA01}.Debug|x86.Build.0 = Debug|Win32
		{9C881213-82BF-4EF9-9B9F-05F8D611BA01}.Release|x64.ActiveCfg = Release|x64
		{9C881213-82BF-4EF9-9B9F-05F8D611BA01}.Release|x64.Build.0 = Release|x64
		{9C881213-82BF-4EF9-9B9F-05F8D611BA01}.Release|x86.ActiveCfg = Release|Win32
		{9C881213-82BF-4EF9-9B9F-05F8D611BA01}.Release|x86.Build.0 = Release|Win32
		{9CAECC02-3823-410E-AD6E-50C16C5D0090}.Debug|x64.ActiveCfg = Debug|x64
		{9CAECC02-3823-410E-AD6E-50C16C5D0090}.Debug|x64.Build.0 = Debug|x64
		{9CAECC02-3823-410E-AD6E-50C16C5D0090}.Debug|x86.ActiveCfg = Debug|Win32
		{9CAECC02-3823-410E-AD6E-50C16C5D0090}.Debug|x86.Build.0 = Debug|Win32
		{9CAECC02-3823-410E-AD6E-50C16C5D0090}.Release|x64.ActiveCfg = Release|x64
		{9CAECC02-3823-410E-AD6E-50C16C5D0090}.Release|x64.Build.0 = Release|x64
		{9CAECC02-3823-410E-AD6E-50C16C5D0090}.Release|x86.ActiveCfg = Release|Win32
		{9CAECC02-3823-410E-AD6E-50C16C5D0090}.Release|x86.Build.0 = Release|Win32
		{8366B3FA-80AE-4FB0-BEC0-81ED7B4F6B72}.Debug|x64.ActiveCfg = Debug|x64
		{8366B3FA-80AE-4FB0-BEC0-81ED7B4F6B72}.Debug|x64.Build.0 = Debug|x64
		{8366B3FA-80AE-4FB0-BEC0-81ED7B4F6B72}.Debug|x86.ActiveCfg = Debug|Win32
		{8366B3FA-80AE-4FB0-BEC0-81ED7B4F6B72}.Debug|x86.Build.0 = Debug|Win32
		{8366B3FA-80AE-4FB0-BEC0-81ED7B4F6B72}.Release|x64.ActiveCfg = Release|x64
		{8366B3FA-80AE-4FB0-BEC0-81ED7B4F6B72}.Release|x64.Build.0 = Release|x64
		{8366B3FA-80AE-4FB0-BEC0-81ED7B4F6B72}.Release|x86.ActiveCfg = Release|Win32
		{8366B3FA-80AE-4FB0-BEC0-81ED7B4F6B72}.Release|x86.Build.0 = Release|Win32
		{CFD7A2EF-58A0-402F-8720-E8410A242D6E}.Debug|x64.ActiveCfg = Debug|x64
		{CFD7A2EF-58A0-402F-8720-E8410A242D6E}.Debug|x64.Build.0 = Debug|x64
		{CFD7A2EF-58A0-402F-8720-E8410A242D6E}.Debug|x86.ActiveCfg = Debug|Win32
		{CFD7A2EF-58A0-402F-8720-E8410A242D6E}.Debug|x86.Build.0 = Debug|Win32
		{CFD7A2EF-58A0-402F-8720-E8410A242D6E}.Release|x64.ActiveCfg = Release|x64
		{CFD7A2EF-58A0-402F-8720-E8410A242D6E}.Release|x64.Build.0 = Release|x64
		{CFD7A2EF-58A0-402F-8720-E8410A242D6E}.Release|x86.ActiveCfg = Release|Win32
		{CFD7A2EF-58A0-402F-8720-E8410A242D6E}.Release|x86.Build.0 = Release|Win32
		{13A43C12-77DD-414D-877E-F465FFE7B7D5}.Debug|x64.ActiveCfg = Debug|x64
		{13A43C12-77DD-414D-877E-F465FFE7B7D5}.Debug|x64.Build.0 = Debug|x64
		{13A43C12-77DD-414D-877E-F465FFE7B7D5}.Debug|x86.ActiveCfg = Debug|Win32
		{13A43C12-77DD-414D-877E-F465FFE7B7D5}.Debug|x86.Build.0 = Debug|Win32
		{13A43C12-77DD-414D-877E-F465FFE7B7D5}.Release|x64.ActiveCfg = Release|x64
		{13A43C12-77DD-414D-877E-F465FFE7B7D5}.Release|x64.Build.0 = Release|x64
		{13A43C12-77DD-414D-877E-F465FFE7B7D5}.Release|x86.ActiveCfg = Release|Win32
		{13A43C12-77DD-414D-877E-F465FFE7B7D5}.Release|x86.Build.0 = Release|Win32
		{E4D87853-6B15-4F2C-A85B-C2AC9B1EC5B0}.Debug|x64.ActiveCfg = Debug|x64
		{E4D87853-6B15-4F2C-A85B-C2AC9B1EC5B0}.Debug|x64.Build.0 = Debug|x64
		{E4D87853-6B15-4F2C-A85B-C2AC9B1EC5B0}.Debug|x86.ActiveCfg = Debug|Win32
		{E4D87853-6B15-4F2C-A85B-C2AC9B1EC5B0}.Debug|x86.Build.0 = Debug|Win32
		{E4D87853-6B15-4F2C-A85B-C2AC9B1EC5B0}.Release|x64.ActiveCfg = Release|x64
		{E4D87853-6B15-4F2C-A85B-C2AC9B1EC5B0}.Release|x64.Build.0 = Release|x64
		{E4D87853-6B15-4F2C-A85B-C2AC9B1EC5B0}.Release|x86.ActiveCfg = Release|Win32
		{E4D87853-6B15-4F2C-A85B-C2AC9B1EC5B0}.Release|x86.Build.0 = Release|Win32
	EndGlobalSection
	GlobalSection(SolutionProperties) = preSolution
		HideSolutionNode = FALSE
	EndGlobalSection
	GlobalSection(ExtensibilityGlobals) = postSolution
		SolutionGuid = {2ADD5700-E971-4179-A015-F932A37B52D3}
	EndGlobalSection
EndGlobal
