<?xml version="1.0" encoding="utf-8"?>
<Project ToolsVersion="4.0" xmlns="http://schemas.microsoft.com/developer/msbuild/2003">
  <ItemGroup>
    <Filter Include="Source Files">
      <UniqueIdentifier>{4FC737F1-C7A5-4376-A066-2A32D752A2FF}</UniqueIdentifier>
      <Extensions>cpp;c;cc;cxx;c++;cppm;ixx;def;odl;idl;hpj;bat;asm;asmx</Extensions>
    </Filter>
    <Filter Include="Header Files">
      <UniqueIdentifier>{93995380-89BD-4b04-88EB-625FBE52EBFB}</UniqueIdentifier>
      <Extensions>h;hh;hpp;hxx;h++;hm;inl;inc;ipp;xsd</Extensions>
    </Filter>
    <Filter Include="Resource Files">
      <UniqueIdentifier>{67DA6AB6-F800-4c08-8B7A-83BB121AAD01}</UniqueIdentifier>
      <Extensions>rc;ico;cur;bmp;dlg;rc2;rct;bin;rgs;gif;jpg;jpeg;jpe;resx;tiff;tif;png;wav;mfcribbon-ms</Extensions>
    </Filter>
    <Filter Include="Header Files\ImGui">
      <UniqueIdentifier>{00cf22c7-883a-4181-a37e-3212bb2f9401}</UniqueIdentifier>
    </Filter>
    <Filter Include="Source Files\ImGui">
      <UniqueIdentifier>{3cefa1d0-0aeb-4f1d-99c5-ea9b34af8314}</UniqueIdentifier>
    </Filter>
    <Filter Include="Header Files\LevelEditor">
      <UniqueIdentifier>{513cbfd7-95aa-4f25-825c-ac9b2d726d43}</UniqueIdentifier>
    </Filter>
    <Filter Include="Source Files\LevelEditor">
      <UniqueIdentifier>{1d7d1957-173e-46ae-b00d-e410fdab6690}</UniqueIdentifier>
    </Filter>
  </ItemGroup>
  <ItemGroup>
    <ClInclude Include="Include\ImGui\imconfig.h">
      <Filter>Header Files\ImGui</Filter>
    </ClInclude>
    <ClInclude Include="Include\ImGui\imgui.h">
      <Filter>Header Files\ImGui</Filter>
    </ClInclude>
    <ClInclude Include="Include\ImGui\imgui_impl_glfw.h">
      <Filter>Header Files\ImGui</Filter>
    </ClInclude>
    <ClInclude Include="Include\ImGui\imgui_impl_opengl3.h">
      <Filter>Header Files\ImGui</Filter>
    </ClInclude>
    <ClInclude Include="Include\ImGui\imgui_impl_opengl3_loader.h">
      <Filter>Header Files\ImGui</Filter>
    </ClInclude>
    <ClInclude Include="Include\ImGui\imgui_internal.h">
      <Filter>Header Files\ImGui</Filter>
    </ClInclude>
    <ClInclude Include="Include\ImGui\imstb_rectpack.h">
      <Filter>Header Files\ImGui</Filter>
    </ClInclude>
    <ClInclude Include="Include\ImGui\imstb_textedit.h">
      <Filter>Header Files\ImGui</Filter>
    </ClInclude>
    <ClInclude Include="Include\ImGui\imstb_truetype.h">
      <Filter>Header Files\ImGui</Filter>
    </ClInclude>
    <ClInclude Include="Include\LevelEditor\levelEditor.h">
      <Filter>Header Files\LevelEditor</Filter>
    </ClInclude>
    <ClInclude Include="Include\LevelEditor\levelEditorHierarchy.h">
      <Filter>Header Files\LevelEditor</Filter>
    </ClInclude>
    <ClInclude Include="Include\LevelEditor\levelEditorProperties.h">
      <Filter>Header Files\LevelEditor</Filter>
    </ClInclude>
    <ClInclude Include="Include\LevelEditor\levelEditorContentBrowser.h">
      <Filter>Header Files\LevelEditor</Filter>
    </ClInclude>
  </ItemGroup>
  <ItemGroup>
    <ClCompile Include="Source\ImGui\imgui.cpp">
      <Filter>Source Files\ImGui</Filter>
    </ClCompile>
    <ClCompile Include="Source\ImGui\imgui_demo.cpp">
      <Filter>Source Files\ImGui</Filter>
    </ClCompile>
    <ClCompile Include="Source\ImGui\imgui_draw.cpp">
      <Filter>Source Files\ImGui</Filter>
    </ClCompile>
    <ClCompile Include="Source\ImGui\imgui_impl_glfw.cpp">
      <Filter>Source Files\ImGui</Filter>
    </ClCompile>
    <ClCompile Include="Source\ImGui\imgui_impl_opengl3.cpp">
      <Filter>Source Files\ImGui</Filter>
    </ClCompile>
    <ClCompile Include="Source\ImGui\imgui_tables.cpp">
      <Filter>Source Files\ImGui</Filter>
    </ClCompile>
    <ClCompile Include="Source\ImGui\imgui_widgets.cpp">
      <Filter>Source Files\ImGui</Filter>
    </ClCompile>
    <ClCompile Include="Source\LevelEditor\levelEditor.cpp">
      <Filter>Source Files\LevelEditor</Filter>
    </ClCompile>
    <ClCompile Include="Source\LevelEditor\levelEditorHierarchy.cpp">
      <Filter>Source Files\LevelEditor</Filter>
    </ClCompile>
    <ClCompile Include="Source\LevelEditor\levelEditorProperties.cpp">
      <Filter>Source Files\LevelEditor</Filter>
    </ClCompile>
    <ClCompile Include="Source\LevelEditor\levelEditorContentBrowser.cpp">
      <Filter>Source Files\LevelEditor</Filter>
    </ClCompile>
  </ItemGroup>
</Project>