<?xml version="1.0" encoding="utf-8"?>
<Project ToolsVersion="4.0" xmlns="http://schemas.microsoft.com/developer/msbuild/2003">
  <ItemGroup>
    <Filter Include="Source Files">
      <UniqueIdentifier>{4FC737F1-C7A5-4376-A066-2A32D752A2FF}</UniqueIdentifier>
      <Extensions>cpp;c;cc;cxx;c++;cppm;ixx;def;odl;idl;hpj;bat;asm;asmx</Extensions>
    </Filter>
    <Filter Include="Header Files">
      <UniqueIdentifier>{93995380-89BD-4b04-88EB-625FBE52EBFB}</UniqueIdentifier>
      <Extensions>h;hh;hpp;hxx;h++;hm;inl;inc;ipp;xsd</Extensions>
    </Filter>
    <Filter Include="Resource Files">
      <UniqueIdentifier>{67DA6AB6-F800-4c08-8B7A-83BB121AAD01}</UniqueIdentifier>
      <Extensions>rc;ico;cur;bmp;dlg;rc2;rct;bin;rgs;gif;jpg;jpeg;jpe;resx;tiff;tif;png;wav;mfcribbon-ms</Extensions>
    </Filter>
  </ItemGroup>
  <ItemGroup>
    <ClCompile Include="Source\Graphics\transform.cpp">
      <Filter>Source Files</Filter>
    </ClCompile>
    <ClCompile Include="Source\Graphics\buffer.cpp">
      <Filter>Source Files</Filter>
    </ClCompile>
    <ClCompile Include="Source\Graphics\camera.cpp">
      <Filter>Source Files</Filter>
    </ClCompile>
    <ClCompile Include="Source\Graphics\collisiondebug.cpp">
      <Filter>Source Files</Filter>
    </ClCompile>
    <ClCompile Include="Source\Graphics\glad.c">
      <Filter>Source Files</Filter>
    </ClCompile>
    <ClCompile Include="Source\Graphics\glslshader.cpp">
      <Filter>Source Files</Filter>
    </ClCompile>
    <ClCompile Include="Source\Graphics\graphics.cpp">
      <Filter>Source Files</Filter>
    </ClCompile>
    <ClCompile Include="Source\Graphics\input.cpp">
      <Filter>Source Files</Filter>
    </ClCompile>
    <ClCompile Include="Source\Graphics\model.cpp">
      <Filter>Source Files</Filter>
    </ClCompile>
    <ClCompile Include="Source\Graphics\texture.cpp">
      <Filter>Source Files</Filter>
    </ClCompile>
    <ClCompile Include="Source\AI\pathfinding.cpp">
      <Filter>Source Files</Filter>
    </ClCompile>
    <ClCompile Include="Source\Math\mat3x3.cpp">
      <Filter>Source Files</Filter>
    </ClCompile>
    <ClCompile Include="Source\Math\vec2D.cpp">
      <Filter>Source Files</Filter>
    </ClCompile>
    <ClCompile Include="Source\Math\vec3D.cpp">
      <Filter>Source Files</Filter>
    </ClCompile>
    <ClCompile Include="Source\Physics\collision.cpp">
      <Filter>Source Files</Filter>
    </ClCompile>
    <ClCompile Include="Source\Physics\physics.cpp">
      <Filter>Source Files</Filter>
    </ClCompile>
    <ClCompile Include="Source\Physics\physicsPartition.cpp">
      <Filter>Source Files</Filter>
    </ClCompile>
    <ClCompile Include="Source\Physics\physicsTransform.cpp">
      <Filter>Source Files</Filter>
    </ClCompile>
    <ClCompile Include="Source\Physics\physicsWorld.cpp">
      <Filter>Source Files</Filter>
    </ClCompile>
    <ClCompile Include="Source\Physics\physicsRigidBody.cpp">
      <Filter>Source Files</Filter>
    </ClCompile>
    <ClCompile Include="Source\Serialization\serialization.cpp">
      <Filter>Source Files</Filter>
    </ClCompile>
    <ClCompile Include="Source\Serialization\rttr\constructor.cpp">
      <Filter>Source Files</Filter>
    </ClCompile>
    <ClCompile Include="Source\Serialization\rttr\destructor.cpp">
      <Filter>Source Files</Filter>
    </ClCompile>
    <ClCompile Include="Source\Serialization\rttr\enumeration.cpp">
      <Filter>Source Files</Filter>
    </ClCompile>
    <ClCompile Include="Source\Serialization\rttr\library.cpp">
      <Filter>Source Files</Filter>
    </ClCompile>
    <ClCompile Include="Source\Serialization\rttr\method.cpp">
      <Filter>Source Files</Filter>
    </ClCompile>
    <ClCompile Include="Source\Serialization\rttr\parameter_info.cpp">
      <Filter>Source Files</Filter>
    </ClCompile>
    <ClCompile Include="Source\Serialization\rttr\policy.cpp">
      <Filter>Source Files</Filter>
    </ClCompile>
    <ClCompile Include="Source\Serialization\rttr\property.cpp">
      <Filter>Source Files</Filter>
    </ClCompile>
    <ClCompile Include="Source\Serialization\rttr\registration.cpp">
      <Filter>Source Files</Filter>
    </ClCompile>
    <ClCompile Include="Source\Serialization\rttr\type.cpp">
      <Filter>Source Files</Filter>
    </ClCompile>
    <ClCompile Include="Source\Serialization\rttr\variant.cpp">
      <Filter>Source Files</Filter>
    </ClCompile>
    <ClCompile Include="Source\Serialization\rttr\variant_associative_view.cpp">
      <Filter>Source Files</Filter>
    </ClCompile>
    <ClCompile Include="Source\Serialization\rttr\variant_sequential_view.cpp">
      <Filter>Source Files</Filter>
    </ClCompile>
    <ClCompile Include="Source\Serialization\rttr\detail\comparison\compare_equal.cpp">
      <Filter>Source Files</Filter>
    </ClCompile>
    <ClCompile Include="Source\Serialization\rttr\detail\comparison\compare_less.cpp">
      <Filter>Source Files</Filter>
    </ClCompile>
    <ClCompile Include="Source\Serialization\rttr\detail\constructor\constructor_wrapper_base.cpp">
      <Filter>Source Files</Filter>
    </ClCompile>
    <ClCompile Include="Source\Serialization\rttr\detail\conversion\std_conversion_functions.cpp">
      <Filter>Source Files</Filter>
    </ClCompile>
    <ClCompile Include="Source\Serialization\rttr\detail\destructor\destructor_wrapper_base.cpp">
      <Filter>Source Files</Filter>
    </ClCompile>
    <ClCompile Include="Source\Serialization\rttr\detail\enumeration\enumeration_helper.cpp">
      <Filter>Source Files</Filter>
    </ClCompile>
    <ClCompile Include="Source\Serialization\rttr\detail\enumeration\enumeration_wrapper_base.cpp">
      <Filter>Source Files</Filter>
    </ClCompile>
    <ClCompile Include="Source\Serialization\rttr\detail\library\library_unix.cpp">
      <Filter>Source Files</Filter>
    </ClCompile>
    <ClCompile Include="Source\Serialization\rttr\detail\library\library_win.cpp">
      <Filter>Source Files</Filter>
    </ClCompile>
    <ClCompile Include="Source\Serialization\rttr\detail\method\method_wrapper_base.cpp">
      <Filter>Source Files</Filter>
    </ClCompile>
    <ClCompile Include="Source\Serialization\rttr\detail\misc\standard_types.cpp">
      <Filter>Source Files</Filter>
    </ClCompile>
    <ClCompile Include="Source\Serialization\rttr\detail\parameter_info\parameter_info_wrapper_base.cpp">
      <Filter>Source Files</Filter>
    </ClCompile>
    <ClCompile Include="Source\Serialization\rttr\detail\property\property_wrapper_base.cpp">
      <Filter>Source Files</Filter>
    </ClCompile>
    <ClCompile Include="Source\Serialization\rttr\detail\registration\registration_executer.cpp">
      <Filter>Source Files</Filter>
    </ClCompile>
    <ClCompile Include="Source\Serialization\rttr\detail\registration\registration_state_saver.cpp">
      <Filter>Source Files</Filter>
    </ClCompile>
    <ClCompile Include="Source\Serialization\rttr\detail\type\type_data.cpp">
      <Filter>Source Files</Filter>
    </ClCompile>
    <ClCompile Include="Source\Serialization\rttr\detail\type\type_register.cpp">
      <Filter>Source Files</Filter>
    </ClCompile>
    <ClCompile Include="Source\Serialization\rttr\detail\variant\variant_compare.cpp">
      <Filter>Source Files</Filter>
    </ClCompile>
  </ItemGroup>
  <ItemGroup>
    <ClInclude Include="Include\Math\mat3x3.h">
      <Filter>Header Files</Filter>
    </ClInclude>
    <ClInclude Include="Include\Math\vec2D.h">
      <Filter>Header Files</Filter>
    </ClInclude>
    <ClInclude Include="Include\Math\vec3D.h">
      <Filter>Header Files</Filter>
    </ClInclude>
    <ClInclude Include="Include\Physics\collision.h">
      <Filter>Header Files</Filter>
    </ClInclude>
    <ClInclude Include="Include\Physics\physics.h">
      <Filter>Header Files</Filter>
    </ClInclude>
    <ClInclude Include="Include\Physics\physicsPartition.h">
      <Filter>Header Files</Filter>
    </ClInclude>
    <ClInclude Include="Include\Physics\physicsRigidBody.h">
      <Filter>Header Files</Filter>
    </ClInclude>
    <ClInclude Include="Include\Physics\physicsTransform.h">
      <Filter>Header Files</Filter>
    </ClInclude>
    <ClInclude Include="Include\Physics\physicsWorld.h">
      <Filter>Header Files</Filter>
    </ClInclude>
    <ClInclude Include="Include\Graphics\app.h">
      <Filter>Header Files</Filter>
    </ClInclude>
    <ClInclude Include="Include\Graphics\buffer.h">
      <Filter>Header Files</Filter>
    </ClInclude>
    <ClInclude Include="Include\Graphics\camera.h">
      <Filter>Header Files</Filter>
    </ClInclude>
    <ClInclude Include="Include\Graphics\collisiondebug.h">
      <Filter>Header Files</Filter>
    </ClInclude>
    <ClInclude Include="Include\Graphics\glslshader.h">
      <Filter>Header Files</Filter>
    </ClInclude>
    <ClInclude Include="Include\Graphics\graphics.h">
      <Filter>Header Files</Filter>
    </ClInclude>
    <ClInclude Include="Include\Graphics\input.h">
      <Filter>Header Files</Filter>
    </ClInclude>
    <ClInclude Include="Include\Graphics\model.h">
      <Filter>Header Files</Filter>
    </ClInclude>
    <ClInclude Include="Include\Graphics\texture.h">
      <Filter>Header Files</Filter>
    </ClInclude>
    <ClInclude Include="Include\Graphics\transform.h">
      <Filter>Header Files</Filter>
    </ClInclude>
    <ClInclude Include="Include\ECS\ECS.h">
      <Filter>Header Files</Filter>
    </ClInclude>
    <ClInclude Include="Include\ECS\ECS.hpp">
      <Filter>Header Files</Filter>
    </ClInclude>
    <ClInclude Include="Include\AI\pathfinding.h">
      <Filter>Header Files</Filter>
    </ClInclude>
    <ClInclude Include="Include\mainHeader.h">
      <Filter>Header Files</Filter>
    </ClInclude>
    <ClInclude Include="Include\Serialization\serialization.h">
      <Filter>Header Files</Filter>
    </ClInclude>
    <ClInclude Include="Include\Serialization\rapidjson\allocators.h">
      <Filter>Header Files</Filter>
    </ClInclude>
    <ClInclude Include="Include\Serialization\rapidjson\cursorstreamwrapper.h">
      <Filter>Header Files</Filter>
    </ClInclude>
    <ClInclude Include="Include\Serialization\rapidjson\document.h">
      <Filter>Header Files</Filter>
    </ClInclude>
    <ClInclude Include="Include\Serialization\rapidjson\encodedstream.h">
      <Filter>Header Files</Filter>
    </ClInclude>
    <ClInclude Include="Include\Serialization\rapidjson\encodings.h">
      <Filter>Header Files</Filter>
    </ClInclude>
    <ClInclude Include="Include\Serialization\rapidjson\filereadstream.h">
      <Filter>Header Files</Filter>
    </ClInclude>
    <ClInclude Include="Include\Serialization\rapidjson\filewritestream.h">
      <Filter>Header Files</Filter>
    </ClInclude>
    <ClInclude Include="Include\Serialization\rapidjson\fwd.h">
      <Filter>Header Files</Filter>
    </ClInclude>
    <ClInclude Include="Include\Serialization\rapidjson\istreamwrapper.h">
      <Filter>Header Files</Filter>
    </ClInclude>
    <ClInclude Include="Include\Serialization\rapidjson\memorybuffer.h">
      <Filter>Header Files</Filter>
    </ClInclude>
    <ClInclude Include="Include\Serialization\rapidjson\memorystream.h">
      <Filter>Header Files</Filter>
    </ClInclude>
    <ClInclude Include="Include\Serialization\rapidjson\ostreamwrapper.h">
      <Filter>Header Files</Filter>
    </ClInclude>
    <ClInclude Include="Include\Serialization\rapidjson\pointer.h">
      <Filter>Header Files</Filter>
    </ClInclude>
    <ClInclude Include="Include\Serialization\rapidjson\prettywriter.h">
      <Filter>Header Files</Filter>
    </ClInclude>
    <ClInclude Include="Include\Serialization\rapidjson\rapidjson.h">
      <Filter>Header Files</Filter>
    </ClInclude>
    <ClInclude Include="Include\Serialization\rapidjson\reader.h">
      <Filter>Header Files</Filter>
    </ClInclude>
    <ClInclude Include="Include\Serialization\rapidjson\schema.h">
      <Filter>Header Files</Filter>
    </ClInclude>
    <ClInclude Include="Include\Serialization\rapidjson\stream.h">
      <Filter>Header Files</Filter>
    </ClInclude>
    <ClInclude Include="Include\Serialization\rapidjson\stringbuffer.h">
      <Filter>Header Files</Filter>
    </ClInclude>
    <ClInclude Include="Include\Serialization\rapidjson\uri.h">
      <Filter>Header Files</Filter>
    </ClInclude>
    <ClInclude Include="Include\Serialization\rapidjson\writer.h">
      <Filter>Header Files</Filter>
    </ClInclude>
    <ClInclude Include="Include\Serialization\rapidjson\msinttypes\inttypes.h">
      <Filter>Header Files</Filter>
    </ClInclude>
    <ClInclude Include="Include\Serialization\rapidjson\msinttypes\stdint.h">
      <Filter>Header Files</Filter>
    </ClInclude>
    <ClInclude Include="Include\Serialization\rapidjson\internal\biginteger.h">
      <Filter>Header Files</Filter>
    </ClInclude>
    <ClInclude Include="Include\Serialization\rapidjson\internal\clzll.h">
      <Filter>Header Files</Filter>
    </ClInclude>
    <ClInclude Include="Include\Serialization\rapidjson\internal\diyfp.h">
      <Filter>Header Files</Filter>
    </ClInclude>
    <ClInclude Include="Include\Serialization\rapidjson\internal\dtoa.h">
      <Filter>Header Files</Filter>
    </ClInclude>
    <ClInclude Include="Include\Serialization\rapidjson\internal\ieee754.h">
      <Filter>Header Files</Filter>
    </ClInclude>
    <ClInclude Include="Include\Serialization\rapidjson\internal\itoa.h">
      <Filter>Header Files</Filter>
    </ClInclude>
    <ClInclude Include="Include\Serialization\rapidjson\internal\meta.h">
      <Filter>Header Files</Filter>
    </ClInclude>
    <ClInclude Include="Include\Serialization\rapidjson\internal\pow10.h">
      <Filter>Header Files</Filter>
    </ClInclude>
    <ClInclude Include="Include\Serialization\rapidjson\internal\regex.h">
      <Filter>Header Files</Filter>
    </ClInclude>
    <ClInclude Include="Include\Serialization\rapidjson\internal\stack.h">
      <Filter>Header Files</Filter>
    </ClInclude>
    <ClInclude Include="Include\Serialization\rapidjson\internal\strfunc.h">
      <Filter>Header Files</Filter>
    </ClInclude>
    <ClInclude Include="Include\Serialization\rapidjson\internal\strtod.h">
      <Filter>Header Files</Filter>
    </ClInclude>
    <ClInclude Include="Include\Serialization\rapidjson\internal\swap.h">
      <Filter>Header Files</Filter>
    </ClInclude>
    <ClInclude Include="Include\Serialization\rapidjson\error\en.h">
      <Filter>Header Files</Filter>
    </ClInclude>
    <ClInclude Include="Include\Serialization\rapidjson\error\error.h">
      <Filter>Header Files</Filter>
    </ClInclude>
    <ClInclude Include="Include\Serialization\rttr\access_levels.h">
      <Filter>Header Files</Filter>
    </ClInclude>
    <ClInclude Include="Include\Serialization\rttr\argument.h">
      <Filter>Header Files</Filter>
    </ClInclude>
    <ClInclude Include="Include\Serialization\rttr\array_range.h">
      <Filter>Header Files</Filter>
    </ClInclude>
    <ClInclude Include="Include\Serialization\rttr\associative_mapper.h">
      <Filter>Header Files</Filter>
    </ClInclude>
    <ClInclude Include="Include\Serialization\rttr\constructor.h">
      <Filter>Header Files</Filter>
    </ClInclude>
    <ClInclude Include="Include\Serialization\rttr\destructor.h">
      <Filter>Header Files</Filter>
    </ClInclude>
    <ClInclude Include="Include\Serialization\rttr\enum_flags.h">
      <Filter>Header Files</Filter>
    </ClInclude>
    <ClInclude Include="Include\Serialization\rttr\enumeration.h">
      <Filter>Header Files</Filter>
    </ClInclude>
    <ClInclude Include="Include\Serialization\rttr\filter_item.h">
      <Filter>Header Files</Filter>
    </ClInclude>
    <ClInclude Include="Include\Serialization\rttr\instance.h">
      <Filter>Header Files</Filter>
    </ClInclude>
    <ClInclude Include="Include\Serialization\rttr\library.h">
      <Filter>Header Files</Filter>
    </ClInclude>
    <ClInclude Include="Include\Serialization\rttr\method.h">
      <Filter>Header Files</Filter>
    </ClInclude>
    <ClInclude Include="Include\Serialization\rttr\parameter_info.h">
      <Filter>Header Files</Filter>
    </ClInclude>
    <ClInclude Include="Include\Serialization\rttr\policy.h">
      <Filter>Header Files</Filter>
    </ClInclude>
    <ClInclude Include="Include\Serialization\rttr\property.h">
      <Filter>Header Files</Filter>
    </ClInclude>
    <ClInclude Include="Include\Serialization\rttr\registration.h">
      <Filter>Header Files</Filter>
    </ClInclude>
    <ClInclude Include="Include\Serialization\rttr\registration_friend.h">
      <Filter>Header Files</Filter>
    </ClInclude>
    <ClInclude Include="Include\Serialization\rttr\rttr_cast.h">
      <Filter>Header Files</Filter>
    </ClInclude>
    <ClInclude Include="Include\Serialization\rttr\rttr_enable.h">
      <Filter>Header Files</Filter>
    </ClInclude>
    <ClInclude Include="Include\Serialization\rttr\sequential_mapper.h">
      <Filter>Header Files</Filter>
    </ClInclude>
    <ClInclude Include="Include\Serialization\rttr\string_view.h">
      <Filter>Header Files</Filter>
    </ClInclude>
    <ClInclude Include="Include\Serialization\rttr\type.h">
      <Filter>Header Files</Filter>
    </ClInclude>
    <ClInclude Include="Include\Serialization\rttr\variant.h">
      <Filter>Header Files</Filter>
    </ClInclude>
    <ClInclude Include="Include\Serialization\rttr\variant_associative_view.h">
      <Filter>Header Files</Filter>
    </ClInclude>
    <ClInclude Include="Include\Serialization\rttr\variant_sequential_view.h">
      <Filter>Header Files</Filter>
    </ClInclude>
    <ClInclude Include="Include\Serialization\rttr\wrapper_mapper.h">
      <Filter>Header Files</Filter>
    </ClInclude>
    <ClInclude Include="Include\Serialization\rttr\detail\comparison\comparable_types.h">
      <Filter>Header Files</Filter>
    </ClInclude>
    <ClInclude Include="Include\Serialization\rttr\detail\comparison\compare_array_equal.h">
      <Filter>Header Files</Filter>
    </ClInclude>
    <ClInclude Include="Include\Serialization\rttr\detail\comparison\compare_array_equal_impl.h">
      <Filter>Header Files</Filter>
    </ClInclude>
    <ClInclude Include="Include\Serialization\rttr\detail\comparison\compare_array_less.h">
      <Filter>Header Files</Filter>
    </ClInclude>
    <ClInclude Include="Include\Serialization\rttr\detail\comparison\compare_array_less_impl.h">
      <Filter>Header Files</Filter>
    </ClInclude>
    <ClInclude Include="Include\Serialization\rttr\detail\comparison\compare_equal.h">
      <Filter>Header Files</Filter>
    </ClInclude>
    <ClInclude Include="Include\Serialization\rttr\detail\comparison\compare_equal_impl.h">
      <Filter>Header Files</Filter>
    </ClInclude>
    <ClInclude Include="Include\Serialization\rttr\detail\comparison\compare_less.h">
      <Filter>Header Files</Filter>
    </ClInclude>
    <ClInclude Include="Include\Serialization\rttr\detail\comparison\compare_less_impl.h">
      <Filter>Header Files</Filter>
    </ClInclude>
    <ClInclude Include="Include\Serialization\rttr\detail\base\version.h">
      <Filter>Header Files</Filter>
    </ClInclude>
    <ClInclude Include="Include\Serialization\rttr\detail\base\pch.h">
      <Filter>Header Files</Filter>
    </ClInclude>
    <ClInclude Include="Include\Serialization\rttr\detail\base\core_prerequisites.h">
      <Filter>Header Files</Filter>
    </ClInclude>
    <ClInclude Include="Include\Serialization\rttr\detail\constructor\constructor_invoker.h">
      <Filter>Header Files</Filter>
    </ClInclude>
    <ClInclude Include="Include\Serialization\rttr\detail\constructor\constructor_wrapper.h">
      <Filter>Header Files</Filter>
    </ClInclude>
    <ClInclude Include="Include\Serialization\rttr\detail\constructor\constructor_wrapper_base.h">
      <Filter>Header Files</Filter>
    </ClInclude>
    <ClInclude Include="Include\Serialization\rttr\detail\constructor\constructor_wrapper_defaults.h">
      <Filter>Header Files</Filter>
    </ClInclude>
    <ClInclude Include="Include\Serialization\rttr\detail\conversion\number_conversion.h">
      <Filter>Header Files</Filter>
    </ClInclude>
    <ClInclude Include="Include\Serialization\rttr\detail\conversion\std_conversion_functions.h">
      <Filter>Header Files</Filter>
    </ClInclude>
    <ClInclude Include="Include\Serialization\rttr\detail\impl\argument_impl.h">
      <Filter>Header Files</Filter>
    </ClInclude>
    <ClInclude Include="Include\Serialization\rttr\detail\impl\array_range_impl.h">
      <Filter>Header Files</Filter>
    </ClInclude>
    <ClInclude Include="Include\Serialization\rttr\detail\impl\associative_mapper_impl.h">
      <Filter>Header Files</Filter>
    </ClInclude>
    <ClInclude Include="Include\Serialization\rttr\detail\impl\enum_flags_impl.h">
      <Filter>Header Files</Filter>
    </ClInclude>
    <ClInclude Include="Include\Serialization\rttr\detail\impl\instance_impl.h">
      <Filter>Header Files</Filter>
    </ClInclude>
    <ClInclude Include="Include\Serialization\rttr\detail\impl\rttr_cast_impl.h">
      <Filter>Header Files</Filter>
    </ClInclude>
    <ClInclude Include="Include\Serialization\rttr\detail\impl\sequential_mapper_impl.h">
      <Filter>Header Files</Filter>
    </ClInclude>
    <ClInclude Include="Include\Serialization\rttr\detail\impl\string_view_impl.h">
      <Filter>Header Files</Filter>
    </ClInclude>
    <ClInclude Include="Include\Serialization\rttr\detail\impl\wrapper_mapper_impl.h">
      <Filter>Header Files</Filter>
    </ClInclude>
    <ClInclude Include="Include\Serialization\rttr\detail\filter\filter_item_funcs.h">
      <Filter>Header Files</Filter>
    </ClInclude>
    <ClInclude Include="Include\Serialization\rttr\detail\enumeration\enumeration_wrapper_base.h">
      <Filter>Header Files</Filter>
    </ClInclude>
    <ClInclude Include="Include\Serialization\rttr\detail\enumeration\enumeration_wrapper.h">
      <Filter>Header Files</Filter>
    </ClInclude>
    <ClInclude Include="Include\Serialization\rttr\detail\enumeration\enumeration_helper.h">
      <Filter>Header Files</Filter>
    </ClInclude>
    <ClInclude Include="Include\Serialization\rttr\detail\enumeration\enum_data.h">
      <Filter>Header Files</Filter>
    </ClInclude>
    <ClInclude Include="Include\Serialization\rttr\detail\destructor\destructor_wrapper_base.h">
      <Filter>Header Files</Filter>
    </ClInclude>
    <ClInclude Include="Include\Serialization\rttr\detail\destructor\destructor_wrapper.h">
      <Filter>Header Files</Filter>
    </ClInclude>
    <ClInclude Include="Include\Serialization\rttr\detail\default_arguments\invoke_with_defaults.h">
      <Filter>Header Files</Filter>
    </ClInclude>
    <ClInclude Include="Include\Serialization\rttr\detail\default_arguments\default_arguments.h">
      <Filter>Header Files</Filter>
    </ClInclude>
    <ClInclude Include="Include\Serialization\rttr\detail\misc\argument_extractor.h">
      <Filter>Header Files</Filter>
    </ClInclude>
    <ClInclude Include="Include\Serialization\rttr\detail\misc\argument_wrapper.h">
      <Filter>Header Files</Filter>
    </ClInclude>
    <ClInclude Include="Include\Serialization\rttr\detail\misc\class_item_mapper.h">
      <Filter>Header Files</Filter>
    </ClInclude>
    <ClInclude Include="Include\Serialization\rttr\detail\misc\data_address_container.h">
      <Filter>Header Files</Filter>
    </ClInclude>
    <ClInclude Include="Include\Serialization\rttr\detail\misc\flat_map.h">
      <Filter>Header Files</Filter>
    </ClInclude>
    <ClInclude Include="Include\Serialization\rttr\detail\misc\flat_multimap.h">
      <Filter>Header Files</Filter>
    </ClInclude>
    <ClInclude Include="Include\Serialization\rttr\detail\misc\function_traits.h">
      <Filter>Header Files</Filter>
    </ClInclude>
    <ClInclude Include="Include\Serialization\rttr\detail\misc\iterator_wrapper.h">
      <Filter>Header Files</Filter>
    </ClInclude>
    <ClInclude Include="Include\Serialization\rttr\detail\misc\misc_type_traits.h">
      <Filter>Header Files</Filter>
    </ClInclude>
    <ClInclude Include="Include\Serialization\rttr\detail\misc\register_wrapper_mapper_conversion.h">
      <Filter>Header Files</Filter>
    </ClInclude>
    <ClInclude Include="Include\Serialization\rttr\detail\misc\sequential_container_type_traits.h">
      <Filter>Header Files</Filter>
    </ClInclude>
    <ClInclude Include="Include\Serialization\rttr\detail\misc\std_type_traits.h">
      <Filter>Header Files</Filter>
    </ClInclude>
    <ClInclude Include="Include\Serialization\rttr\detail\misc\template_type_trait.h">
      <Filter>Header Files</Filter>
    </ClInclude>
    <ClInclude Include="Include\Serialization\rttr\detail\misc\template_type_trait_impl.h">
      <Filter>Header Files</Filter>
    </ClInclude>
    <ClInclude Include="Include\Serialization\rttr\detail\misc\utility.h">
      <Filter>Header Files</Filter>
    </ClInclude>
    <ClInclude Include="Include\Serialization\rttr\detail\method\method_wrapper_base.h">
      <Filter>Header Files</Filter>
    </ClInclude>
    <ClInclude Include="Include\Serialization\rttr\detail\method\method_wrapper.h">
      <Filter>Header Files</Filter>
    </ClInclude>
    <ClInclude Include="Include\Serialization\rttr\detail\method\method_invoker.h">
      <Filter>Header Files</Filter>
    </ClInclude>
    <ClInclude Include="Include\Serialization\rttr\detail\method\method_accessor.h">
      <Filter>Header Files</Filter>
    </ClInclude>
    <ClInclude Include="Include\Serialization\rttr\detail\metadata\metadata_handler.h">
      <Filter>Header Files</Filter>
    </ClInclude>
    <ClInclude Include="Include\Serialization\rttr\detail\metadata\metadata.h">
      <Filter>Header Files</Filter>
    </ClInclude>
    <ClInclude Include="Include\Serialization\rttr\detail\library\library_p.h">
      <Filter>Header Files</Filter>
    </ClInclude>
    <ClInclude Include="Include\Serialization\rttr\detail\variant_sequential_view\variant_sequential_view_private.h">
      <Filter>Header Files</Filter>
    </ClInclude>
    <ClInclude Include="Include\Serialization\rttr\detail\parameter_info\parameter_info_wrapper.h">
      <Filter>Header Files</Filter>
    </ClInclude>
    <ClInclude Include="Include\Serialization\rttr\detail\parameter_info\parameter_info_wrapper_base.h">
      <Filter>Header Files</Filter>
    </ClInclude>
    <ClInclude Include="Include\Serialization\rttr\detail\parameter_info\parameter_infos.h">
      <Filter>Header Files</Filter>
    </ClInclude>
    <ClInclude Include="Include\Serialization\rttr\detail\parameter_info\parameter_infos_compare.h">
      <Filter>Header Files</Filter>
    </ClInclude>
    <ClInclude Include="Include\Serialization\rttr\detail\parameter_info\parameter_names.h">
      <Filter>Header Files</Filter>
    </ClInclude>
    <ClInclude Include="Include\Serialization\rttr\detail\policies\ctor_policies.h">
      <Filter>Header Files</Filter>
    </ClInclude>
    <ClInclude Include="Include\Serialization\rttr\detail\policies\meth_policies.h">
      <Filter>Header Files</Filter>
    </ClInclude>
    <ClInclude Include="Include\Serialization\rttr\detail\policies\prop_policies.h">
      <Filter>Header Files</Filter>
    </ClInclude>
    <ClInclude Include="Include\Serialization\rttr\detail\property\property_accessor.h">
      <Filter>Header Files</Filter>
    </ClInclude>
    <ClInclude Include="Include\Serialization\rttr\detail\property\property_wrapper.h">
      <Filter>Header Files</Filter>
    </ClInclude>
    <ClInclude Include="Include\Serialization\rttr\detail\property\property_wrapper_base.h">
      <Filter>Header Files</Filter>
    </ClInclude>
    <ClInclude Include="Include\Serialization\rttr\detail\property\property_wrapper_func.h">
      <Filter>Header Files</Filter>
    </ClInclude>
    <ClInclude Include="Include\Serialization\rttr\detail\property\property_wrapper_member_func.h">
      <Filter>Header Files</Filter>
    </ClInclude>
    <ClInclude Include="Include\Serialization\rttr\detail\property\property_wrapper_member_object.h">
      <Filter>Header Files</Filter>
    </ClInclude>
    <ClInclude Include="Include\Serialization\rttr\detail\property\property_wrapper_object.h">
      <Filter>Header Files</Filter>
    </ClInclude>
    <ClInclude Include="Include\Serialization\rttr\detail\registration\bind_impl.h">
      <Filter>Header Files</Filter>
    </ClInclude>
    <ClInclude Include="Include\Serialization\rttr\detail\registration\bind_types.h">
      <Filter>Header Files</Filter>
    </ClInclude>
    <ClInclude Include="Include\Serialization\rttr\detail\registration\register_base_class_from_accessor.h">
      <Filter>Header Files</Filter>
    </ClInclude>
    <ClInclude Include="Include\Serialization\rttr\detail\registration\registration_executer.h">
      <Filter>Header Files</Filter>
    </ClInclude>
    <ClInclude Include="Include\Serialization\rttr\detail\registration\registration_impl.h">
      <Filter>Header Files</Filter>
    </ClInclude>
    <ClInclude Include="Include\Serialization\rttr\detail\registration\registration_manager.h">
      <Filter>Header Files</Filter>
    </ClInclude>
    <ClInclude Include="Include\Serialization\rttr\detail\registration\registration_state_saver.h">
      <Filter>Header Files</Filter>
    </ClInclude>
    <ClInclude Include="Include\Serialization\rttr\detail\type\accessor_type.h">
      <Filter>Header Files</Filter>
    </ClInclude>
    <ClInclude Include="Include\Serialization\rttr\detail\type\base_classes.h">
      <Filter>Header Files</Filter>
    </ClInclude>
    <ClInclude Include="Include\Serialization\rttr\detail\type\get_create_variant_func.h">
      <Filter>Header Files</Filter>
    </ClInclude>
    <ClInclude Include="Include\Serialization\rttr\detail\type\get_derived_info_func.h">
      <Filter>Header Files</Filter>
    </ClInclude>
    <ClInclude Include="Include\Serialization\rttr\detail\type\type_comparator.h">
      <Filter>Header Files</Filter>
    </ClInclude>
    <ClInclude Include="Include\Serialization\rttr\detail\type\type_converter.h">
      <Filter>Header Files</Filter>
    </ClInclude>
    <ClInclude Include="Include\Serialization\rttr\detail\type\type_data.h">
      <Filter>Header Files</Filter>
    </ClInclude>
    <ClInclude Include="Include\Serialization\rttr\detail\type\type_impl.h">
      <Filter>Header Files</Filter>
    </ClInclude>
    <ClInclude Include="Include\Serialization\rttr\detail\type\type_name.h">
      <Filter>Header Files</Filter>
    </ClInclude>
    <ClInclude Include="Include\Serialization\rttr\detail\type\type_register.h">
      <Filter>Header Files</Filter>
    </ClInclude>
    <ClInclude Include="Include\Serialization\rttr\detail\type\type_register_p.h">
      <Filter>Header Files</Filter>
    </ClInclude>
    <ClInclude Include="Include\Serialization\rttr\detail\type\type_string_utils.h">
      <Filter>Header Files</Filter>
    </ClInclude>
    <ClInclude Include="Include\Serialization\rttr\detail\variant\variant_compare.h">
      <Filter>Header Files</Filter>
    </ClInclude>
    <ClInclude Include="Include\Serialization\rttr\detail\variant\variant_data.h">
      <Filter>Header Files</Filter>
    </ClInclude>
    <ClInclude Include="Include\Serialization\rttr\detail\variant\variant_data_converter.h">
      <Filter>Header Files</Filter>
    </ClInclude>
    <ClInclude Include="Include\Serialization\rttr\detail\variant\variant_data_policy.h">
      <Filter>Header Files</Filter>
    </ClInclude>
    <ClInclude Include="Include\Serialization\rttr\detail\variant\variant_impl.h">
      <Filter>Header Files</Filter>
    </ClInclude>
    <ClInclude Include="Include\Serialization\rttr\detail\variant_associative_view\variant_associative_view_creator.h">
      <Filter>Header Files</Filter>
    </ClInclude>
    <ClInclude Include="Include\Serialization\rttr\detail\variant_associative_view\variant_associative_view_creator_impl.h">
      <Filter>Header Files</Filter>
    </ClInclude>
    <ClInclude Include="Include\Serialization\rttr\detail\variant_associative_view\variant_associative_view_private.h">
      <Filter>Header Files</Filter>
    </ClInclude>
    <ClInclude Include="Include\Serialization\rttr\detail\variant_sequential_view\variant_sequential_view_creator.h">
      <Filter>Header Files</Filter>
    </ClInclude>
    <ClInclude Include="Include\Serialization\rttr\detail\variant_sequential_view\variant_sequential_view_creator_impl.h">
      <Filter>Header Files</Filter>
    </ClInclude>
  </ItemGroup>
  <ItemGroup>
    <None Include="Include\Serialization\rttr\registration" />
    <None Include="Include\Serialization\rttr\registration_friend" />
    <None Include="Include\Serialization\rttr\type" />
    <None Include="Source\Serialization\rttr\rttr.cmake" />
    <None Include="Source\Serialization\rttr\detail\base\version.h.in" />
    <None Include="Source\Serialization\rttr\detail\base\version.rc.in" />
  </ItemGroup>
</Project>