<?xml version="1.0" encoding="utf-8"?>
<Project ToolsVersion="4.0" xmlns="http://schemas.microsoft.com/developer/msbuild/2003">
  <ItemGroup>
    <ClCompile Include="Source\main.cpp">
      <Filter>Source</Filter>
    </ClCompile>
    <ClCompile Include="Source\Scripts.cpp">
      <Filter>Source</Filter>
    </ClCompile>
    <ClCompile Include="Source\behaviourTree.cpp">
      <Filter>Source</Filter>
    </ClCompile>
    <ClCompile Include="gameStats.cpp">
      <Filter>Source</Filter>
    </ClCompile>
  </ItemGroup>
  <ItemGroup>
    <ClInclude Include="Include\main.h">
      <Filter>Include</Filter>
    </ClInclude>
    <ClInclude Include="Include\gameStats.h">
      <Filter>Include</Filter>
    </ClInclude>
    <ClInclude Include="Include\Scripts.h">
      <Filter>Include</Filter>
    </ClInclude>
    <ClInclude Include="Include\behaviourTree.h">
      <Filter>Include</Filter>
    </ClInclude>
  </ItemGroup>
  <ItemGroup>
    <None Include="imgui.ini" />
    <None Include="..\shaders\instancing.frag" />
    <None Include="..\shaders\instancing.vert" />
    <None Include="..\shaders\framebuffer.frag" />
    <None Include="..\shaders\framebuffer.vert" />
    <None Include="data.json" />
  </ItemGroup>
  <ItemGroup>
    <Text Include="src\rttr\CMakeLists.txt" />
  </ItemGroup>
  <ItemGroup>
    <Filter Include="Include">
      <UniqueIdentifier>{08aa75cc-17a6-4172-9757-c4600e12655d}</UniqueIdentifier>
    </Filter>
    <Filter Include="Source">
      <UniqueIdentifier>{d353eea0-6b96-4233-ae39-5d56dfa9ec89}</UniqueIdentifier>
    </Filter>
  </ItemGroup>
  <ItemGroup>
    <Xml Include="config.xml" />
  </ItemGroup>
</Project>